
Microsoft Visual Studio Solution File, Format Version 12.00
# Visual Studio Version 17
VisualStudioVersion = 17.11.35327.3
MinimumVisualStudioVersion = 10.0.40219.1
Project("{F184B08F-C81C-45F6-A57F-5ABD9991F28F}") = "countdownDivideByThree", "countdownDivideByThree\countdownDivideByThree.vbproj", "{CE7AD687-3605-406C-B564-5D76A249515B}"
EndProject
Global
	GlobalSection(SolutionConfigurationPlatforms) = preSolution
		Debug|Any CPU = Debug|Any CPU
		Release|Any CPU = Release|Any CPU
	EndGlobalSection
	GlobalSection(ProjectConfigurationPlatforms) = postSolution
		{CE7AD687-3605-406C-B564-5D76A249515B}.Debug|Any CPU.ActiveCfg = Debug|Any CPU
		{CE7AD687-3605-406C-B564-5D76A249515B}.Debug|Any CPU.Build.0 = Debug|Any CPU
		{CE7AD687-3605-406C-B564-5D76A249515B}.Release|Any CPU.ActiveCfg = Release|Any CPU
		{CE7AD687-3605-406C-B564-5D76A249515B}.Release|Any CPU.Build.0 = Release|Any CPU
	EndGlobalSection
	GlobalSection(SolutionProperties) = preSolution
		HideSolutionNode = FALSE
	EndGlobalSection
	GlobalSection(ExtensibilityGlobals) = postSolution
		SolutionGuid = {1F9CA419-F74F-4D31-95C7-85CAB14E4CA6}
	EndGlobalSection
EndGlobal
